{
	"name": "@printf83/ts-bootstrap",
	"version": "0.0.1",
	"lockfileVersion": 3,
	"requires": true,
	"packages": {
		"": {
			"name": "@printf83/ts-bootstrap",
			"version": "0.0.1",
			"license": "MIT",
			"dependencies": {
				"@printf83/ts-html": "^0.0.5",
				"@printf83/ts-tag": "^0.0.5",
				"bootstrap": "^5.3.2"
			},
			"devDependencies": {
				"@types/bootstrap": "^5.2.7",
				"@types/node": "^20.6.3",
				"typescript": "^5.2.2"
			}
		},
		"node_modules/@popperjs/core": {
			"version": "2.11.8",
			"resolved": "https://registry.npmjs.org/@popperjs/core/-/core-2.11.8.tgz",
			"integrity": "sha512-P1st0aksCrn9sGZhp8GMYwBnQsbvAWsZAX44oXNNvLHGqAOcoVxmjZiohstwQ7SqKnbR47akdNi+uleWD8+g6A==",
			"funding": {
				"type": "opencollective",
				"url": "https://opencollective.com/popperjs"
			}
		},
		"node_modules/@printf83/ts-html": {
			"version": "0.0.5",
			"resolved": "https://registry.npmjs.org/@printf83/ts-html/-/ts-html-0.0.5.tgz",
			"integrity": "sha512-l5RYJm9yNVdvWttQpMMeu5Mhvugvrf0NF3D5mVYYStY/bwOT6ExTQkfvXMX//1GZV6mTxaBMjKcNomhdEvRoKg==",
			"dependencies": {
				"@printf83/ts-tag": "^0.0.5"
			}
		},
		"node_modules/@printf83/ts-tag": {
			"version": "0.0.5",
			"resolved": "https://registry.npmjs.org/@printf83/ts-tag/-/ts-tag-0.0.5.tgz",
			"integrity": "sha512-2haHD7YIXsF5KmHwhJiIUp/ESXnZr1bAfJRtaguStbVfNJ2jM9jEC55KTCpYLEZg5t7YZcnrPkwFoaTCGJsBgw=="
		},
		"node_modules/@types/bootstrap": {
			"version": "5.2.7",
			"resolved": "https://registry.npmjs.org/@types/bootstrap/-/bootstrap-5.2.7.tgz",
			"integrity": "sha512-vWs0HzobIB8Af2F0B1GXpaVLSVn1NWULDYgTIWp08Et/r2B3aAwwhFBeOs/rRFWJA38EZTXkWP3tepIjpQkpLg==",
			"dev": true,
			"dependencies": {
				"@popperjs/core": "^2.9.2"
			}
		},
		"node_modules/@types/node": {
			"version": "20.8.4",
			"resolved": "https://registry.npmjs.org/@types/node/-/node-20.8.4.tgz",
			"integrity": "sha512-ZVPnqU58giiCjSxjVUESDtdPk4QR5WQhhINbc9UBrKLU68MX5BF6kbQzTrkwbolyr0X8ChBpXfavr5mZFKZQ5A==",
			"dev": true,
			"dependencies": {
				"undici-types": "~5.25.1"
			}
		},
		"node_modules/bootstrap": {
			"version": "5.3.2",
			"resolved": "https://registry.npmjs.org/bootstrap/-/bootstrap-5.3.2.tgz",
			"integrity": "sha512-D32nmNWiQHo94BKHLmOrdjlL05q1c8oxbtBphQFb9Z5to6eGRDCm0QgeaZ4zFBHzfg2++rqa2JkqCcxDy0sH0g==",
			"funding": [
				{
					"type": "github",
					"url": "https://github.com/sponsors/twbs"
				},
				{
					"type": "opencollective",
					"url": "https://opencollective.com/bootstrap"
				}
			],
			"peerDependencies": {
				"@popperjs/core": "^2.11.8"
			}
		},
		"node_modules/typescript": {
			"version": "5.2.2",
			"resolved": "https://registry.npmjs.org/typescript/-/typescript-5.2.2.tgz",
			"integrity": "sha512-mI4WrpHsbCIcwT9cF4FZvr80QUeKvsUsUvKDoR+X/7XHQH98xYD8YHZg7ANtz2GtZt/CBq2QJ0thkGJMHfqc1w==",
			"dev": true,
			"bin": {
				"tsc": "bin/tsc",
				"tsserver": "bin/tsserver"
			},
			"engines": {
				"node": ">=14.17"
			}
		},
		"node_modules/undici-types": {
			"version": "5.25.3",
			"resolved": "https://registry.npmjs.org/undici-types/-/undici-types-5.25.3.tgz",
			"integrity": "sha512-Ga1jfYwRn7+cP9v8auvEXN1rX3sWqlayd4HP7OKk4mZWylEmu3KzXDUGrQUN6Ol7qo1gPvB2e5gX6udnyEPgdA==",
			"dev": true
		}
	}
}
